
Microsoft Visual Studio Solution File, Format Version 12.00
# Visual Studio Version 16
VisualStudioVersion = 16.0.30804.86
MinimumVisualStudioVersion = 10.0.40219.1
Project("{FAE04EC0-301F-11D3-BF4B-00C04F79EFBC}") = "FileUploadProject.WebAPI", "FileUploadProject.WebAPI\FileUploadProject.WebAPI.csproj", "{F788C8F2-0BB0-4D00-8383-AD58A15C92B3}"
EndProject
Global
	GlobalSection(SolutionConfigurationPlatforms) = preSolution
		Debug|Any CPU = Debug|Any CPU
		Release|Any CPU = Release|Any CPU
	EndGlobalSection
	GlobalSection(ProjectConfigurationPlatforms) = postSolution
		{F788C8F2-0BB0-4D00-8383-AD58A15C92B3}.Debug|Any CPU.ActiveCfg = Debug|Any CPU
		{F788C8F2-0BB0-4D00-8383-AD58A15C92B3}.Debug|Any CPU.Build.0 = Debug|Any CPU
		{F788C8F2-0BB0-4D00-8383-AD58A15C92B3}.Release|Any CPU.ActiveCfg = Release|Any CPU
		{F788C8F2-0BB0-4D00-8383-AD58A15C92B3}.Release|Any CPU.Build.0 = Release|Any CPU
	EndGlobalSection
	GlobalSection(SolutionProperties) = preSolution
		HideSolutionNode = FALSE
	EndGlobalSection
	GlobalSection(ExtensibilityGlobals) = postSolution
		SolutionGuid = {BBA56816-D634-46C6-A14E-265A47D69F59}
	EndGlobalSection
EndGlobal
